
Microsoft Visual Studio Solution File, Format Version 12.00
# Visual Studio Version 17
VisualStudioVersion = 17.2.32616.157
MinimumVisualStudioVersion = 10.0.40219.1
Project("{FAE04EC0-301F-11D3-BF4B-00C04F79EFBC}") = "FeatureFlagsDemo", "FeatureFlagsDemo\FeatureFlagsDemo.csproj", "{BBC487C9-E718-4EAC-843B-B450E9B8334F}"
EndProject
Global
	GlobalSection(SolutionConfigurationPlatforms) = preSolution
		Debug|Any CPU = Debug|Any CPU
		Release|Any CPU = Release|Any CPU
	EndGlobalSection
	GlobalSection(ProjectConfigurationPlatforms) = postSolution
		{BBC487C9-E718-4EAC-843B-B450E9B8334F}.Debug|Any CPU.ActiveCfg = Debug|Any CPU
		{BBC487C9-E718-4EAC-843B-B450E9B8334F}.Debug|Any CPU.Build.0 = Debug|Any CPU
		{BBC487C9-E718-4EAC-843B-B450E9B8334F}.Release|Any CPU.ActiveCfg = Release|Any CPU
		{BBC487C9-E718-4EAC-843B-B450E9B8334F}.Release|Any CPU.Build.0 = Release|Any CPU
	EndGlobalSection
	GlobalSection(SolutionProperties) = preSolution
		HideSolutionNode = FALSE
	EndGlobalSection
	GlobalSection(ExtensibilityGlobals) = postSolution
		SolutionGuid = {D3DCE810-8C23-4AC2-966B-C5EDA7146B2C}
	EndGlobalSection
EndGlobal
